
Microsoft Visual Studio Solution File, Format Version 12.00
# Visual Studio Version 17
VisualStudioVersion = 17.14.36202.13 d17.14
MinimumVisualStudioVersion = 10.0.40219.1
Project("{FAE04EC0-301F-11D3-BF4B-00C04F79EFBC}") = "ElderSharingPrototype", "ElderSharingPrototype\ElderSharingPrototype.csproj", "{84729C75-1D8E-4BBC-A273-F76020029361}"
EndProject
Global
	GlobalSection(SolutionConfigurationPlatforms) = preSolution
		Debug|Any CPU = Debug|Any CPU
		Release|Any CPU = Release|Any CPU
	EndGlobalSection
	GlobalSection(ProjectConfigurationPlatforms) = postSolution
		{84729C75-1D8E-4BBC-A273-F76020029361}.Debug|Any CPU.ActiveCfg = Debug|Any CPU
		{84729C75-1D8E-4BBC-A273-F76020029361}.Debug|Any CPU.Build.0 = Debug|Any CPU
		{84729C75-1D8E-4BBC-A273-F76020029361}.Release|Any CPU.ActiveCfg = Release|Any CPU
		{84729C75-1D8E-4BBC-A273-F76020029361}.Release|Any CPU.Build.0 = Release|Any CPU
	EndGlobalSection
	GlobalSection(SolutionProperties) = preSolution
		HideSolutionNode = FALSE
	EndGlobalSection
	GlobalSection(ExtensibilityGlobals) = postSolution
		SolutionGuid = {5D50D21D-C592-4272-9CF5-029F1C1292C3}
	EndGlobalSection
EndGlobal
